<?xml version="1.0" encoding="utf-8"?>
<Project ToolsVersion="4.0" xmlns="http://schemas.microsoft.com/developer/msbuild/2003">
  <ItemGroup>
    <Filter Include="Source Files">
      <UniqueIdentifier>{4FC737F1-C7A5-4376-A066-2A32D752A2FF}</UniqueIdentifier>
      <Extensions>cpp;c;cc;cxx;def;odl;idl;hpj;bat;asm;asmx</Extensions>
    </Filter>
    <Filter Include="Header Files">
      <UniqueIdentifier>{93995380-89BD-4b04-88EB-625FBE52EBFB}</UniqueIdentifier>
      <Extensions>h;hh;hpp;hxx;hm;inl;inc;xsd</Extensions>
    </Filter>
    <Filter Include="Resource Files">
      <UniqueIdentifier>{67DA6AB6-F800-4c08-8B7A-83BB121AAD01}</UniqueIdentifier>
      <Extensions>rc;ico;cur;bmp;dlg;rc2;rct;bin;rgs;gif;jpg;jpeg;jpe;resx;tiff;tif;png;wav;mfcribbon-ms</Extensions>
    </Filter>
  </ItemGroup>
  <ItemGroup>
    <ClInclude Include="stdafx.h">
      <Filter>Header Files</Filter>
    </ClInclude>
    <ClInclude Include="targetver.h">
      <Filter>Header Files</Filter>
    </ClInclude>
    <ClInclude Include="WalkieGC.h">
      <Filter>Header Files</Filter>
    </ClInclude>
    <ClInclude Include="WalkieC.h">
      <Filter>Header Files</Filter>
    </ClInclude>
    <ClInclude Include="WalkieLC.h">
      <Filter>Header Files</Filter>
    </ClInclude>
    <ClInclude Include="SquareCollider.h">
      <Filter>Header Files</Filter>
    </ClInclude>
    <ClInclude Include="SquareShape.h">
      <Filter>Header Files</Filter>
    </ClInclude>
    <ClInclude Include="PlatformGC.h">
      <Filter>Header Files</Filter>
    </ClInclude>
    <ClInclude Include="Animation.h">
      <Filter>Header Files</Filter>
    </ClInclude>
    <ClInclude Include="PlayerCamera.h">
      <Filter>Header Files</Filter>
    </ClInclude>
    <ClInclude Include="PlatformGenLC.h">
      <Filter>Header Files</Filter>
    </ClInclude>
    <ClInclude Include="PlatformPattern.h">
      <Filter>Header Files</Filter>
    </ClInclude>
    <ClInclude Include="FlatPattern.h">
      <Filter>Header Files</Filter>
    </ClInclude>
    <ClInclude Include="VerticalPattern.h">
      <Filter>Header Files</Filter>
    </ClInclude>
    <ClInclude Include="BuildModeLogic.h">
      <Filter>Header Files</Filter>
    </ClInclude>
    <ClInclude Include="PlatformEditableLC.h">
      <Filter>Header Files</Filter>
    </ClInclude>
    <ClInclude Include="BuildCamera.h">
      <Filter>Header Files</Filter>
    </ClInclude>
    <ClInclude Include="HbarAction.h">
      <Filter>Header Files</Filter>
    </ClInclude>
    <ClInclude Include="ImageRenderGC.h">
      <Filter>Header Files</Filter>
    </ClInclude>
    <ClInclude Include="EndGC.h">
      <Filter>Header Files</Filter>
    </ClInclude>
    <ClInclude Include="CollideableLC.h">
      <Filter>Header Files</Filter>
    </ClInclude>
    <ClInclude Include="AnimationGC.h">
      <Filter>Header Files</Filter>
    </ClInclude>
    <ClInclude Include="LevelProgressLC.h">
      <Filter>Header Files</Filter>
    </ClInclude>
    <ClInclude Include="resource.h">
      <Filter>Header Files</Filter>
    </ClInclude>
    <ClInclude Include="Resources.h">
      <Filter>Header Files</Filter>
    </ClInclude>
    <ClInclude Include="StringUtil.h">
      <Filter>Header Files</Filter>
    </ClInclude>
    <ClInclude Include="Button.h">
      <Filter>Header Files</Filter>
    </ClInclude>
    <ClInclude Include="TextGC.h">
      <Filter>Header Files</Filter>
    </ClInclude>
    <ClInclude Include="MenuIconLC.h">
      <Filter>Header Files</Filter>
    </ClInclude>
    <ClInclude Include="CustomConsole.h">
      <Filter>Header Files</Filter>
    </ClInclude>
    <ClInclude Include="CustomConsoleGC.h">
      <Filter>Header Files</Filter>
    </ClInclude>
    <ClInclude Include="CSound.h">
      <Filter>Header Files</Filter>
    </ClInclude>
    <ClInclude Include="SoundSystem.h">
      <Filter>Header Files</Filter>
    </ClInclude>
    <ClInclude Include="WalkieAC.h">
      <Filter>Header Files</Filter>
    </ClInclude>
  </ItemGroup>
  <ItemGroup>
    <ClCompile Include="stdafx.cpp">
      <Filter>Source Files</Filter>
    </ClCompile>
    <ClCompile Include="Walkie.cpp">
      <Filter>Source Files</Filter>
    </ClCompile>
    <ClCompile Include="WalkieGC.cpp">
      <Filter>Source Files</Filter>
    </ClCompile>
    <ClCompile Include="WalkieC.cpp">
      <Filter>Source Files</Filter>
    </ClCompile>
    <ClCompile Include="WalkieLC.cpp">
      <Filter>Source Files</Filter>
    </ClCompile>
    <ClCompile Include="SquareCollider.cpp">
      <Filter>Source Files</Filter>
    </ClCompile>
    <ClCompile Include="SquareShape.cpp">
      <Filter>Source Files</Filter>
    </ClCompile>
    <ClCompile Include="PlatformGC.cpp">
      <Filter>Source Files</Filter>
    </ClCompile>
    <ClCompile Include="Animation.cpp">
      <Filter>Source Files</Filter>
    </ClCompile>
    <ClCompile Include="PlayerCamera.cpp">
      <Filter>Source Files</Filter>
    </ClCompile>
    <ClCompile Include="PlatformGenLC.cpp">
      <Filter>Source Files</Filter>
    </ClCompile>
    <ClCompile Include="FlatPattern.cpp">
      <Filter>Source Files</Filter>
    </ClCompile>
    <ClCompile Include="VerticalPattern.cpp">
      <Filter>Source Files</Filter>
    </ClCompile>
    <ClCompile Include="BuildModeLogic.cpp">
      <Filter>Source Files</Filter>
    </ClCompile>
    <ClCompile Include="PlatformEditableLC.cpp">
      <Filter>Source Files</Filter>
    </ClCompile>
    <ClCompile Include="BuildCamera.cpp">
      <Filter>Source Files</Filter>
    </ClCompile>
    <ClCompile Include="ImageRenderGC.cpp">
      <Filter>Source Files</Filter>
    </ClCompile>
    <ClCompile Include="EndGC.cpp">
      <Filter>Source Files</Filter>
    </ClCompile>
    <ClCompile Include="CollideableLC.cpp">
      <Filter>Source Files</Filter>
    </ClCompile>
    <ClCompile Include="AnimationGC.cpp">
      <Filter>Source Files</Filter>
    </ClCompile>
    <ClCompile Include="LevelProgressLC.cpp">
      <Filter>Source Files</Filter>
    </ClCompile>
    <ClCompile Include="Resources.cpp">
      <Filter>Source Files</Filter>
    </ClCompile>
    <ClCompile Include="StringUtil.cpp">
      <Filter>Source Files</Filter>
    </ClCompile>
    <ClCompile Include="TextGC.cpp">
      <Filter>Source Files</Filter>
    </ClCompile>
    <ClCompile Include="CustomConsole.cpp">
      <Filter>Source Files</Filter>
    </ClCompile>
    <ClCompile Include="CustomConsoleGC.cpp">
      <Filter>Source Files</Filter>
    </ClCompile>
    <ClCompile Include="MenuIconLC.cpp">
      <Filter>Source Files</Filter>
    </ClCompile>
    <ClCompile Include="CSound.cpp">
      <Filter>Source Files</Filter>
    </ClCompile>
    <ClCompile Include="SoundSystem.cpp">
      <Filter>Source Files</Filter>
    </ClCompile>
    <ClCompile Include="WalkieAC.cpp">
      <Filter>Source Files</Filter>
    </ClCompile>
  </ItemGroup>
  <ItemGroup>
    <ResourceCompile Include="Walkie.rc">
      <Filter>Resource Files</Filter>
    </ResourceCompile>
  </ItemGroup>
  <ItemGroup>
    <Image Include="icon1.ico">
      <Filter>Resource Files</Filter>
    </Image>
  </ItemGroup>
</Project>